
Microsoft Visual Studio Solution File, Format Version 12.00
# Visual Studio Version 16
VisualStudioVersion = 16.0.29728.190
MinimumVisualStudioVersion = 10.0.40219.1
Project("{2150E333-8FDC-42A3-9474-1A3956D46DE8}") = "Proyecto Web", "Proyecto Web", "{829A4E47-45E7-48C0-8891-00BA7F292D2B}"
EndProject
Project("{FAE04EC0-301F-11D3-BF4B-00C04F79EFBC}") = "WebApplication1", "WebApplication1\WebApplication1.csproj", "{E9177ACB-8F85-4186-81E2-9D1056DFAFF9}"
EndProject
Project("{2150E333-8FDC-42A3-9474-1A3956D46DE8}") = "Comandos", "Comandos", "{8B6596B6-C60E-4BC5-B45E-F342ECCEEAD5}"
EndProject
Project("{FAE04EC0-301F-11D3-BF4B-00C04F79EFBC}") = "ConsoleApp1", "ConsoleApp1\ConsoleApp1.csproj", "{3C654C20-3369-4EFA-BAF9-8089AB63D654}"
EndProject
Global
	GlobalSection(SolutionConfigurationPlatforms) = preSolution
		Debug|Any CPU = Debug|Any CPU
		Release|Any CPU = Release|Any CPU
	EndGlobalSection
	GlobalSection(ProjectConfigurationPlatforms) = postSolution
		{E9177ACB-8F85-4186-81E2-9D1056DFAFF9}.Debug|Any CPU.ActiveCfg = Debug|Any CPU
		{E9177ACB-8F85-4186-81E2-9D1056DFAFF9}.Debug|Any CPU.Build.0 = Debug|Any CPU
		{E9177ACB-8F85-4186-81E2-9D1056DFAFF9}.Release|Any CPU.ActiveCfg = Release|Any CPU
		{E9177ACB-8F85-4186-81E2-9D1056DFAFF9}.Release|Any CPU.Build.0 = Release|Any CPU
		{3C654C20-3369-4EFA-BAF9-8089AB63D654}.Debug|Any CPU.ActiveCfg = Debug|Any CPU
		{3C654C20-3369-4EFA-BAF9-8089AB63D654}.Debug|Any CPU.Build.0 = Debug|Any CPU
		{3C654C20-3369-4EFA-BAF9-8089AB63D654}.Release|Any CPU.ActiveCfg = Release|Any CPU
		{3C654C20-3369-4EFA-BAF9-8089AB63D654}.Release|Any CPU.Build.0 = Release|Any CPU
	EndGlobalSection
	GlobalSection(SolutionProperties) = preSolution
		HideSolutionNode = FALSE
	EndGlobalSection
	GlobalSection(NestedProjects) = preSolution
		{E9177ACB-8F85-4186-81E2-9D1056DFAFF9} = {829A4E47-45E7-48C0-8891-00BA7F292D2B}
		{3C654C20-3369-4EFA-BAF9-8089AB63D654} = {8B6596B6-C60E-4BC5-B45E-F342ECCEEAD5}
	EndGlobalSection
	GlobalSection(ExtensibilityGlobals) = postSolution
		SolutionGuid = {5B51FDF4-0683-4078-BB62-C6E1FA328A5A}
	EndGlobalSection
EndGlobal
